// !$*UTF8*$!
{
	archiveVersion = 1;
	classes = {
	};
	objectVersion = 46;
	objects = {

/* Begin PBXBuildFile section */
		8AC5020D1CE1D4FC00A79901 /* AppDelegate.swift in Sources */ = {isa = PBXBuildFile; fileRef = 8AC5020C1CE1D4FC00A79901 /* AppDelegate.swift */; };
		8AC5020F1CE1D4FC00A79901 /* MasterViewController.swift in Sources */ = {isa = PBXBuildFile; fileRef = 8AC5020E1CE1D4FC00A79901 /* MasterViewController.swift */; };
		8AC502111CE1D4FC00A79901 /* DetailViewController.swift in Sources */ = {isa = PBXBuildFile; fileRef = 8AC502101CE1D4FC00A79901 /* DetailViewController.swift */; };
		8AC502141CE1D4FC00A79901 /* Main.storyboard in Resources */ = {isa = PBXBuildFile; fileRef = 8AC502121CE1D4FC00A79901 /* Main.storyboard */; };
		8AC502161CE1D4FC00A79901 /* Assets.xcassets in Resources */ = {isa = PBXBuildFile; fileRef = 8AC502151CE1D4FC00A79901 /* Assets.xcassets */; };
		8AC502191CE1D4FC00A79901 /* LaunchScreen.storyboard in Resources */ = {isa = PBXBuildFile; fileRef = 8AC502171CE1D4FC00A79901 /* LaunchScreen.storyboard */; };
		8AC502241CE1D4FC00A79901 /* BrowseOverflowTests.swift in Sources */ = {isa = PBXBuildFile; fileRef = 8AC502231CE1D4FC00A79901 /* BrowseOverflowTests.swift */; };
		8AC5022F1CE1D4FC00A79901 /* BrowseOverflowUITests.swift in Sources */ = {isa = PBXBuildFile; fileRef = 8AC5022E1CE1D4FC00A79901 /* BrowseOverflowUITests.swift */; };
		8AC5023D1CE1D99B00A79901 /* TopicTests.swift in Sources */ = {isa = PBXBuildFile; fileRef = 8AC5023C1CE1D99B00A79901 /* TopicTests.swift */; };
		8AC5023F1CE1DA0C00A79901 /* Topic.swift in Sources */ = {isa = PBXBuildFile; fileRef = 8AC5023E1CE1DA0C00A79901 /* Topic.swift */; };
		8AC502401CE1DA0C00A79901 /* Topic.swift in Sources */ = {isa = PBXBuildFile; fileRef = 8AC5023E1CE1DA0C00A79901 /* Topic.swift */; };
/* End PBXBuildFile section */

/* Begin PBXContainerItemProxy section */
		8AC502201CE1D4FC00A79901 /* PBXContainerItemProxy */ = {
			isa = PBXContainerItemProxy;
			containerPortal = 8AC502011CE1D4FB00A79901 /* Project object */;
			proxyType = 1;
			remoteGlobalIDString = 8AC502081CE1D4FB00A79901;
			remoteInfo = BrowseOverflow;
		};
		8AC5022B1CE1D4FC00A79901 /* PBXContainerItemProxy */ = {
			isa = PBXContainerItemProxy;
			containerPortal = 8AC502011CE1D4FB00A79901 /* Project object */;
			proxyType = 1;
			remoteGlobalIDString = 8AC502081CE1D4FB00A79901;
			remoteInfo = BrowseOverflow;
		};
/* End PBXContainerItemProxy section */

/* Begin PBXFileReference section */
		8AC502091CE1D4FB00A79901 /* BrowseOverflow.app */ = {isa = PBXFileReference; explicitFileType = wrapper.application; includeInIndex = 0; path = BrowseOverflow.app; sourceTree = BUILT_PRODUCTS_DIR; };
		8AC5020C1CE1D4FC00A79901 /* AppDelegate.swift */ = {isa = PBXFileReference; lastKnownFileType = sourcecode.swift; path = AppDelegate.swift; sourceTree = "<group>"; };
		8AC5020E1CE1D4FC00A79901 /* MasterViewController.swift */ = {isa = PBXFileReference; lastKnownFileType = sourcecode.swift; path = MasterViewController.swift; sourceTree = "<group>"; };
		8AC502101CE1D4FC00A79901 /* DetailViewController.swift */ = {isa = PBXFileReference; lastKnownFileType = sourcecode.swift; path = DetailViewController.swift; sourceTree = "<group>"; };
		8AC502131CE1D4FC00A79901 /* Base */ = {isa = PBXFileReference; lastKnownFileType = file.storyboard; name = Base; path = Base.lproj/Main.storyboard; sourceTree = "<group>"; };
		8AC502151CE1D4FC00A79901 /* Assets.xcassets */ = {isa = PBXFileReference; lastKnownFileType = folder.assetcatalog; path = Assets.xcassets; sourceTree = "<group>"; };
		8AC502181CE1D4FC00A79901 /* Base */ = {isa = PBXFileReference; lastKnownFileType = file.storyboard; name = Base; path = Base.lproj/LaunchScreen.storyboard; sourceTree = "<group>"; };
		8AC5021A1CE1D4FC00A79901 /* Info.plist */ = {isa = PBXFileReference; lastKnownFileType = text.plist.xml; path = Info.plist; sourceTree = "<group>"; };
		8AC5021F1CE1D4FC00A79901 /* BrowseOverflowTests.xctest */ = {isa = PBXFileReference; explicitFileType = wrapper.cfbundle; includeInIndex = 0; path = BrowseOverflowTests.xctest; sourceTree = BUILT_PRODUCTS_DIR; };
		8AC502231CE1D4FC00A79901 /* BrowseOverflowTests.swift */ = {isa = PBXFileReference; lastKnownFileType = sourcecode.swift; path = BrowseOverflowTests.swift; sourceTree = "<group>"; };
		8AC502251CE1D4FC00A79901 /* Info.plist */ = {isa = PBXFileReference; lastKnownFileType = text.plist.xml; path = Info.plist; sourceTree = "<group>"; };
		8AC5022A1CE1D4FC00A79901 /* BrowseOverflowUITests.xctest */ = {isa = PBXFileReference; explicitFileType = wrapper.cfbundle; includeInIndex = 0; path = BrowseOverflowUITests.xctest; sourceTree = BUILT_PRODUCTS_DIR; };
		8AC5022E1CE1D4FC00A79901 /* BrowseOverflowUITests.swift */ = {isa = PBXFileReference; lastKnownFileType = sourcecode.swift; path = BrowseOverflowUITests.swift; sourceTree = "<group>"; };
		8AC502301CE1D4FC00A79901 /* Info.plist */ = {isa = PBXFileReference; lastKnownFileType = text.plist.xml; path = Info.plist; sourceTree = "<group>"; };
		8AC5023C1CE1D99B00A79901 /* TopicTests.swift */ = {isa = PBXFileReference; fileEncoding = 4; lastKnownFileType = sourcecode.swift; path = TopicTests.swift; sourceTree = "<group>"; };
		8AC5023E1CE1DA0C00A79901 /* Topic.swift */ = {isa = PBXFileReference; fileEncoding = 4; lastKnownFileType = sourcecode.swift; path = Topic.swift; sourceTree = "<group>"; };
/* End PBXFileReference section */

/* Begin PBXFrameworksBuildPhase section */
		8AC502061CE1D4FB00A79901 /* Frameworks */ = {
			isa = PBXFrameworksBuildPhase;
			buildActionMask = 2147483647;
			files = (
			);
			runOnlyForDeploymentPostprocessing = 0;
		};
		8AC5021C1CE1D4FC00A79901 /* Frameworks */ = {
			isa = PBXFrameworksBuildPhase;
			buildActionMask = 2147483647;
			files = (
			);
			runOnlyForDeploymentPostprocessing = 0;
		};
		8AC502271CE1D4FC00A79901 /* Frameworks */ = {
			isa = PBXFrameworksBuildPhase;
			buildActionMask = 2147483647;
			files = (
			);
			runOnlyForDeploymentPostprocessing = 0;
		};
/* End PBXFrameworksBuildPhase section */

/* Begin PBXGroup section */
		8AC502001CE1D4FB00A79901 = {
			isa = PBXGroup;
			children = (
				8AC5020B1CE1D4FC00A79901 /* BrowseOverflow */,
				8AC502221CE1D4FC00A79901 /* BrowseOverflowTests */,
				8AC5022D1CE1D4FC00A79901 /* BrowseOverflowUITests */,
				8AC5020A1CE1D4FB00A79901 /* Products */,
			);
			sourceTree = "<group>";
		};
		8AC5020A1CE1D4FB00A79901 /* Products */ = {
			isa = PBXGroup;
			children = (
				8AC502091CE1D4FB00A79901 /* BrowseOverflow.app */,
				8AC5021F1CE1D4FC00A79901 /* BrowseOverflowTests.xctest */,
				8AC5022A1CE1D4FC00A79901 /* BrowseOverflowUITests.xctest */,
			);
			name = Products;
			sourceTree = "<group>";
		};
		8AC5020B1CE1D4FC00A79901 /* BrowseOverflow */ = {
			isa = PBXGroup;
			children = (
				8AC5020C1CE1D4FC00A79901 /* AppDelegate.swift */,
				8AC5020E1CE1D4FC00A79901 /* MasterViewController.swift */,
				8AC502101CE1D4FC00A79901 /* DetailViewController.swift */,
				8AC502121CE1D4FC00A79901 /* Main.storyboard */,
				8AC502151CE1D4FC00A79901 /* Assets.xcassets */,
				8AC502171CE1D4FC00A79901 /* LaunchScreen.storyboard */,
				8AC5021A1CE1D4FC00A79901 /* Info.plist */,
				8AC5023E1CE1DA0C00A79901 /* Topic.swift */,
			);
			path = BrowseOverflow;
			sourceTree = "<group>";
		};
		8AC502221CE1D4FC00A79901 /* BrowseOverflowTests */ = {
			isa = PBXGroup;
			children = (
				8AC502231CE1D4FC00A79901 /* BrowseOverflowTests.swift */,
				8AC502251CE1D4FC00A79901 /* Info.plist */,
				8AC5023C1CE1D99B00A79901 /* TopicTests.swift */,
			);
			path = BrowseOverflowTests;
			sourceTree = "<group>";
		};
		8AC5022D1CE1D4FC00A79901 /* BrowseOverflowUITests */ = {
			isa = PBXGroup;
			children = (
				8AC5022E1CE1D4FC00A79901 /* BrowseOverflowUITests.swift */,
				8AC502301CE1D4FC00A79901 /* Info.plist */,
			);
			path = BrowseOverflowUITests;
			sourceTree = "<group>";
		};
/* End PBXGroup section */

/* Begin PBXNativeTarget section */
		8AC502081CE1D4FB00A79901 /* BrowseOverflow */ = {
			isa = PBXNativeTarget;
			buildConfigurationList = 8AC502331CE1D4FC00A79901 /* Build configuration list for PBXNativeTarget "BrowseOverflow" */;
			buildPhases = (
				8AC502051CE1D4FB00A79901 /* Sources */,
				8AC502061CE1D4FB00A79901 /* Frameworks */,
				8AC502071CE1D4FB00A79901 /* Resources */,
			);
			buildRules = (
			);
			dependencies = (
			);
			name = BrowseOverflow;
			productName = BrowseOverflow;
			productReference = 8AC502091CE1D4FB00A79901 /* BrowseOverflow.app */;
			productType = "com.apple.product-type.application";
		};
		8AC5021E1CE1D4FC00A79901 /* BrowseOverflowTests */ = {
			isa = PBXNativeTarget;
			buildConfigurationList = 8AC502361CE1D4FC00A79901 /* Build configuration list for PBXNativeTarget "BrowseOverflowTests" */;
			buildPhases = (
				8AC5021B1CE1D4FC00A79901 /* Sources */,
				8AC5021C1CE1D4FC00A79901 /* Frameworks */,
				8AC5021D1CE1D4FC00A79901 /* Resources */,
			);
			buildRules = (
			);
			dependencies = (
				8AC502211CE1D4FC00A79901 /* PBXTargetDependency */,
			);
			name = BrowseOverflowTests;
			productName = BrowseOverflowTests;
			productReference = 8AC5021F1CE1D4FC00A79901 /* BrowseOverflowTests.xctest */;
			productType = "com.apple.product-type.bundle.unit-test";
		};
		8AC502291CE1D4FC00A79901 /* BrowseOverflowUITests */ = {
			isa = PBXNativeTarget;
			buildConfigurationList = 8AC502391CE1D4FC00A79901 /* Build configuration list for PBXNativeTarget "BrowseOverflowUITests" */;
			buildPhases = (
				8AC502261CE1D4FC00A79901 /* Sources */,
				8AC502271CE1D4FC00A79901 /* Frameworks */,
				8AC502281CE1D4FC00A79901 /* Resources */,
			);
			buildRules = (
			);
			dependencies = (
				8AC5022C1CE1D4FC00A79901 /* PBXTargetDependency */,
			);
			name = BrowseOverflowUITests;
			productName = BrowseOverflowUITests;
			productReference = 8AC5022A1CE1D4FC00A79901 /* BrowseOverflowUITests.xctest */;
			productType = "com.apple.product-type.bundle.ui-testing";
		};
/* End PBXNativeTarget section */

/* Begin PBXProject section */
		8AC502011CE1D4FB00A79901 /* Project object */ = {
			isa = PBXProject;
			attributes = {
				LastSwiftUpdateCheck = 0730;
				LastUpgradeCheck = 0730;
				ORGANIZATIONNAME = Suburb;
				TargetAttributes = {
					8AC502081CE1D4FB00A79901 = {
						CreatedOnToolsVersion = 7.3;
					};
					8AC5021E1CE1D4FC00A79901 = {
						CreatedOnToolsVersion = 7.3;
						TestTargetID = 8AC502081CE1D4FB00A79901;
					};
					8AC502291CE1D4FC00A79901 = {
						CreatedOnToolsVersion = 7.3;
						TestTargetID = 8AC502081CE1D4FB00A79901;
					};
				};
			};
			buildConfigurationList = 8AC502041CE1D4FB00A79901 /* Build configuration list for PBXProject "BrowseOverflow" */;
			compatibilityVersion = "Xcode 3.2";
			developmentRegion = English;
			hasScannedForEncodings = 0;
			knownRegions = (
				en,
				Base,
			);
			mainGroup = 8AC502001CE1D4FB00A79901;
			productRefGroup = 8AC5020A1CE1D4FB00A79901 /* Products */;
			projectDirPath = "";
			projectRoot = "";
			targets = (
				8AC502081CE1D4FB00A79901 /* BrowseOverflow */,
				8AC5021E1CE1D4FC00A79901 /* BrowseOverflowTests */,
				8AC502291CE1D4FC00A79901 /* BrowseOverflowUITests */,
			);
		};
/* End PBXProject section */

/* Begin PBXResourcesBuildPhase section */
		8AC502071CE1D4FB00A79901 /* Resources */ = {
			isa = PBXResourcesBuildPhase;
			buildActionMask = 2147483647;
			files = (
				8AC502191CE1D4FC00A79901 /* LaunchScreen.storyboard in Resources */,
				8AC502161CE1D4FC00A79901 /* Assets.xcassets in Resources */,
				8AC502141CE1D4FC00A79901 /* Main.storyboard in Resources */,
			);
			runOnlyForDeploymentPostprocessing = 0;
		};
		8AC5021D1CE1D4FC00A79901 /* Resources */ = {
			isa = PBXResourcesBuildPhase;
			buildActionMask = 2147483647;
			files = (
			);
			runOnlyForDeploymentPostprocessing = 0;
		};
		8AC502281CE1D4FC00A79901 /* Resources */ = {
			isa = PBXResourcesBuildPhase;
			buildActionMask = 2147483647;
			files = (
			);
			runOnlyForDeploymentPostprocessing = 0;
		};
/* End PBXResourcesBuildPhase section */

/* Begin PBXSourcesBuildPhase section */
		8AC502051CE1D4FB00A79901 /* Sources */ = {
			isa = PBXSourcesBuildPhase;
			buildActionMask = 2147483647;
			files = (
				8AC502111CE1D4FC00A79901 /* DetailViewController.swift in Sources */,
				8AC5023F1CE1DA0C00A79901 /* Topic.swift in Sources */,
				8AC5020F1CE1D4FC00A79901 /* MasterViewController.swift in Sources */,
				8AC5020D1CE1D4FC00A79901 /* AppDelegate.swift in Sources */,
			);
			runOnlyForDeploymentPostprocessing = 0;
		};
		8AC5021B1CE1D4FC00A79901 /* Sources */ = {
			isa = PBXSourcesBuildPhase;
			buildActionMask = 2147483647;
			files = (
				8AC502241CE1D4FC00A79901 /* BrowseOverflowTests.swift in Sources */,
				8AC502401CE1DA0C00A79901 /* Topic.swift in Sources */,
				8AC5023D1CE1D99B00A79901 /* TopicTests.swift in Sources */,
			);
			runOnlyForDeploymentPostprocessing = 0;
		};
		8AC502261CE1D4FC00A79901 /* Sources */ = {
			isa = PBXSourcesBuildPhase;
			buildActionMask = 2147483647;
			files = (
				8AC5022F1CE1D4FC00A79901 /* BrowseOverflowUITests.swift in Sources */,
			);
			runOnlyForDeploymentPostprocessing = 0;
		};
/* End PBXSourcesBuildPhase section */

/* Begin PBXTargetDependency section */
		8AC502211CE1D4FC00A79901 /* PBXTargetDependency */ = {
			isa = PBXTargetDependency;
			target = 8AC502081CE1D4FB00A79901 /* BrowseOverflow */;
			targetProxy = 8AC502201CE1D4FC00A79901 /* PBXContainerItemProxy */;
		};
		8AC5022C1CE1D4FC00A79901 /* PBXTargetDependency */ = {
			isa = PBXTargetDependency;
			target = 8AC502081CE1D4FB00A79901 /* BrowseOverflow */;
			targetProxy = 8AC5022B1CE1D4FC00A79901 /* PBXContainerItemProxy */;
		};
/* End PBXTargetDependency section */

/* Begin PBXVariantGroup section */
		8AC502121CE1D4FC00A79901 /* Main.storyboard */ = {
			isa = PBXVariantGroup;
			children = (
				8AC502131CE1D4FC00A79901 /* Base */,
			);
			name = Main.storyboard;
			sourceTree = "<group>";
		};
		8AC502171CE1D4FC00A79901 /* LaunchScreen.storyboard */ = {
			isa = PBXVariantGroup;
			children = (
				8AC502181CE1D4FC00A79901 /* Base */,
			);
			name = LaunchScreen.storyboard;
			sourceTree = "<group>";
		};
/* End PBXVariantGroup section */

/* Begin XCBuildConfiguration section */
		8AC502311CE1D4FC00A79901 /* Debug */ = {
			isa = XCBuildConfiguration;
			buildSettings = {
				ALWAYS_SEARCH_USER_PATHS = NO;
				CLANG_ANALYZER_NONNULL = YES;
				CLANG_CXX_LANGUAGE_STANDARD = "gnu++0x";
				CLANG_CXX_LIBRARY = "libc++";
				CLANG_ENABLE_MODULES = YES;
				CLANG_ENABLE_OBJC_ARC = YES;
				CLANG_WARN_BOOL_CONVERSION = YES;
				CLANG_WARN_CONSTANT_CONVERSION = YES;
				CLANG_WARN_DIRECT_OBJC_ISA_USAGE = YES_ERROR;
				CLANG_WARN_EMPTY_BODY = YES;
				CLANG_WARN_ENUM_CONVERSION = YES;
				CLANG_WARN_INT_CONVERSION = YES;
				CLANG_WARN_OBJC_ROOT_CLASS = YES_ERROR;
				CLANG_WARN_UNREACHABLE_CODE = YES;
				CLANG_WARN__DUPLICATE_METHOD_MATCH = YES;
				"CODE_SIGN_IDENTITY[sdk=iphoneos*]" = "iPhone Developer";
				COPY_PHASE_STRIP = NO;
				DEBUG_INFORMATION_FORMAT = dwarf;
				ENABLE_STRICT_OBJC_MSGSEND = YES;
				ENABLE_TESTABILITY = YES;
				GCC_C_LANGUAGE_STANDARD = gnu99;
				GCC_DYNAMIC_NO_PIC = NO;
				GCC_NO_COMMON_BLOCKS = YES;
				GCC_OPTIMIZATION_LEVEL = 0;
				GCC_PREPROCESSOR_DEFINITIONS = (
					"DEBUG=1",
					"$(inherited)",
				);
				GCC_WARN_64_TO_32_BIT_CONVERSION = YES;
				GCC_WARN_ABOUT_RETURN_TYPE = YES_ERROR;
				GCC_WARN_UNDECLARED_SELECTOR = YES;
				GCC_WARN_UNINITIALIZED_AUTOS = YES_AGGRESSIVE;
				GCC_WARN_UNUSED_FUNCTION = YES;
				GCC_WARN_UNUSED_VARIABLE = YES;
				IPHONEOS_DEPLOYMENT_TARGET = 9.3;
				MTL_ENABLE_DEBUG_INFO = YES;
				ONLY_ACTIVE_ARCH = YES;
				SDKROOT = iphoneos;
				SWIFT_OPTIMIZATION_LEVEL = "-Onone";
			};
			name = Debug;
		};
		8AC502321CE1D4FC00A79901 /* Release */ = {
			isa = XCBuildConfiguration;
			buildSettings = {
				ALWAYS_SEARCH_USER_PATHS = NO;
				CLANG_ANALYZER_NONNULL = YES;
				CLANG_CXX_LANGUAGE_STANDARD = "gnu++0x";
				CLANG_CXX_LIBRARY = "libc++";
				CLANG_ENABLE_MODULES = YES;
				CLANG_ENABLE_OBJC_ARC = YES;
				CLANG_WARN_BOOL_CONVERSION = YES;
				CLANG_WARN_CONSTANT_CONVERSION = YES;
				CLANG_WARN_DIRECT_OBJC_ISA_USAGE = YES_ERROR;
				CLANG_WARN_EMPTY_BODY = YES;
				CLANG_WARN_ENUM_CONVERSION = YES;
				CLANG_WARN_INT_CONVERSION = YES;
				CLANG_WARN_OBJC_ROOT_CLASS = YES_ERROR;
				CLANG_WARN_UNREACHABLE_CODE = YES;
				CLANG_WARN__DUPLICATE_METHOD_MATCH = YES;
				"CODE_SIGN_IDENTITY[sdk=iphoneos*]" = "iPhone Developer";
				COPY_PHASE_STRIP = NO;
				DEBUG_INFORMATION_FORMAT = "dwarf-with-dsym";
				ENABLE_NS_ASSERTIONS = NO;
				ENABLE_STRICT_OBJC_MSGSEND = YES;
				GCC_C_LANGUAGE_STANDARD = gnu99;
				GCC_NO_COMMON_BLOCKS = YES;
				GCC_WARN_64_TO_32_BIT_CONVERSION = YES;
				GCC_WARN_ABOUT_RETURN_TYPE = YES_ERROR;
				GCC_WARN_UNDECLARED_SELECTOR = YES;
				GCC_WARN_UNINITIALIZED_AUTOS = YES_AGGRESSIVE;
				GCC_WARN_UNUSED_FUNCTION = YES;
				GCC_WARN_UNUSED_VARIABLE = YES;
				IPHONEOS_DEPLOYMENT_TARGET = 9.3;
				MTL_ENABLE_DEBUG_INFO = NO;
				SDKROOT = iphoneos;
				VALIDATE_PRODUCT = YES;
			};
			name = Release;
		};
		8AC502341CE1D4FC00A79901 /* Debug */ = {
			isa = XCBuildConfiguration;
			buildSettings = {
				ASSETCATALOG_COMPILER_APPICON_NAME = AppIcon;
				INFOPLIST_FILE = BrowseOverflow/Info.plist;
				LD_RUNPATH_SEARCH_PATHS = "$(inherited) @executable_path/Frameworks";
				PRODUCT_BUNDLE_IDENTIFIER = com.suburb.BrowseOverflow;
				PRODUCT_NAME = "$(TARGET_NAME)";
			};
			name = Debug;
		};
		8AC502351CE1D4FC00A79901 /* Release */ = {
			isa = XCBuildConfiguration;
			buildSettings = {
				ASSETCATALOG_COMPILER_APPICON_NAME = AppIcon;
				INFOPLIST_FILE = BrowseOverflow/Info.plist;
				LD_RUNPATH_SEARCH_PATHS = "$(inherited) @executable_path/Frameworks";
				PRODUCT_BUNDLE_IDENTIFIER = com.suburb.BrowseOverflow;
				PRODUCT_NAME = "$(TARGET_NAME)";
			};
			name = Release;
		};
		8AC502371CE1D4FC00A79901 /* Debug */ = {
			isa = XCBuildConfiguration;
			buildSettings = {
				BUNDLE_LOADER = "$(TEST_HOST)";
				INFOPLIST_FILE = BrowseOverflowTests/Info.plist;
				LD_RUNPATH_SEARCH_PATHS = "$(inherited) @executable_path/Frameworks @loader_path/Frameworks";
				PRODUCT_BUNDLE_IDENTIFIER = com.suburb.BrowseOverflowTests;
				PRODUCT_NAME = "$(TARGET_NAME)";
				TEST_HOST = "$(BUILT_PRODUCTS_DIR)/BrowseOverflow.app/BrowseOverflow";
			};
			name = Debug;
		};
		8AC502381CE1D4FC00A79901 /* Release */ = {
			isa = XCBuildConfiguration;
			buildSettings = {
				BUNDLE_LOADER = "$(TEST_HOST)";
				INFOPLIST_FILE = BrowseOverflowTests/Info.plist;
				LD_RUNPATH_SEARCH_PATHS = "$(inherited) @executable_path/Frameworks @loader_path/Frameworks";
				PRODUCT_BUNDLE_IDENTIFIER = com.suburb.BrowseOverflowTests;
				PRODUCT_NAME = "$(TARGET_NAME)";
				TEST_HOST = "$(BUILT_PRODUCTS_DIR)/BrowseOverflow.app/BrowseOverflow";
			};
			name = Release;
		};
		8AC5023A1CE1D4FC00A79901 /* Debug */ = {
			isa = XCBuildConfiguration;
			buildSettings = {
				INFOPLIST_FILE = BrowseOverflowUITests/Info.plist;
				LD_RUNPATH_SEARCH_PATHS = "$(inherited) @executable_path/Frameworks @loader_path/Frameworks";
				PRODUCT_BUNDLE_IDENTIFIER = com.suburb.BrowseOverflowUITests;
				PRODUCT_NAME = "$(TARGET_NAME)";
				TEST_TARGET_NAME = BrowseOverflow;
			};
			name = Debug;
		};
		8AC5023B1CE1D4FC00A79901 /* Release */ = {
			isa = XCBuildConfiguration;
			buildSettings = {
				INFOPLIST_FILE = BrowseOverflowUITests/Info.plist;
				LD_RUNPATH_SEARCH_PATHS = "$(inherited) @executable_path/Frameworks @loader_path/Frameworks";
				PRODUCT_BUNDLE_IDENTIFIER = com.suburb.BrowseOverflowUITests;
				PRODUCT_NAME = "$(TARGET_NAME)";
				TEST_TARGET_NAME = BrowseOverflow;
			};
			name = Release;
		};
/* End XCBuildConfiguration section */

/* Begin XCConfigurationList section */
		8AC502041CE1D4FB00A79901 /* Build configuration list for PBXProject "BrowseOverflow" */ = {
			isa = XCConfigurationList;
			buildConfigurations = (
				8AC502311CE1D4FC00A79901 /* Debug */,
				8AC502321CE1D4FC00A79901 /* Release */,
			);
			defaultConfigurationIsVisible = 0;
			defaultConfigurationName = Release;
		};
		8AC502331CE1D4FC00A79901 /* Build configuration list for PBXNativeTarget "BrowseOverflow" */ = {
			isa = XCConfigurationList;
			buildConfigurations = (
				8AC502341CE1D4FC00A79901 /* Debug */,
				8AC502351CE1D4FC00A79901 /* Release */,
			);
			defaultConfigurationIsVisible = 0;
		};
		8AC502361CE1D4FC00A79901 /* Build configuration list for PBXNativeTarget "BrowseOverflowTests" */ = {
			isa = XCConfigurationList;
			buildConfigurations = (
				8AC502371CE1D4FC00A79901 /* Debug */,
				8AC502381CE1D4FC00A79901 /* Release */,
			);
			defaultConfigurationIsVisible = 0;
		};
		8AC502391CE1D4FC00A79901 /* Build configuration list for PBXNativeTarget "BrowseOverflowUITests" */ = {
			isa = XCConfigurationList;
			buildConfigurations = (
				8AC5023A1CE1D4FC00A79901 /* Debug */,
				8AC5023B1CE1D4FC00A79901 /* Release */,
			);
			defaultConfigurationIsVisible = 0;
		};
/* End XCConfigurationList section */
	};
	rootObject = 8AC502011CE1D4FB00A79901 /* Project object */;
}
